# THIS IS AN AUTOGENERATED FILE. DO NOT EDIT THIS FILE DIRECTLY.
# yarn lockfile v1


hono@^4.2.2:
  version "4.2.2"
  resolved "https://registry.yarnpkg.com/hono/-/hono-4.2.2.tgz#d06dff091c8ed2541a38d90b6de8d39ea89f3e23"
  integrity sha512-mDmjBHF6uBNN3TASdAbDCFsN9FLbrlgXyFZkhLEkU7hUgk0+T9hcsUrL/nho4qV+Xk0RDHx7gop4Q1gelZZVRw==
