# THIS IS AN AUTOGENERATED FILE. DO NOT EDIT THIS FILE DIRECTLY.
# yarn lockfile v1


hono@^4.4.4:
  version "4.4.4"
  resolved "https://registry.yarnpkg.com/hono/-/hono-4.4.4.tgz#60eda24bd63dfb379735b9d924016c3c7b1bb329"
  integrity sha512-zO5+4K8yf1iuKhBZhwmpZ/0LzPMr8Zt1RugEGM1xvOqgh9DyLb7tslOtoBks4bmm5bIcLtzLCXUpYpXOkwpABA==
