# THIS IS AN AUTOGENERATED FILE. DO NOT EDIT THIS FILE DIRECTLY.
# yarn lockfile v1


hono@^4.0.7:
  version "4.0.7"
  resolved "https://registry.yarnpkg.com/hono/-/hono-4.0.7.tgz#55ffe7212e5634380fc942958932451d2b75715b"
  integrity sha512-1fhi9MUzMIXWqPWA7OGPTpzjQupT78rf+U6N+2vxwy7U76jUX0dmkUtp572gR+dbGR1YugLYvyg/JrgPOSoutw==
